
Microsoft Visual Studio Solution File, Format Version 12.00
# Visual Studio 14
VisualStudioVersion = 14.0.25123.0
MinimumVisualStudioVersion = 10.0.40219.1
Project("{FAE04EC0-301F-11D3-BF4B-00C04F79EFBC}") = "SeqList", "SeqList\SeqList.csproj", "{CBEFF08F-86A3-4E17-92EC-305952E0AC64}"
EndProject
Project("{FAE04EC0-301F-11D3-BF4B-00C04F79EFBC}") = "SeqListTests", "SeqListTests\SeqListTests.csproj", "{2DE8DC23-608A-40FB-BEB8-36F9B4782867}"
EndProject
Project("{FAE04EC0-301F-11D3-BF4B-00C04F79EFBC}") = "UnitTestPractic", "UnitTestPractic\UnitTestPractic.csproj", "{A60B1FE0-541C-44BE-A0BB-5D940E8F3C01}"
EndProject
Global
	GlobalSection(SolutionConfigurationPlatforms) = preSolution
		Debug|Any CPU = Debug|Any CPU
		Release|Any CPU = Release|Any CPU
	EndGlobalSection
	GlobalSection(ProjectConfigurationPlatforms) = postSolution
		{CBEFF08F-86A3-4E17-92EC-305952E0AC64}.Debug|Any CPU.ActiveCfg = Debug|Any CPU
		{CBEFF08F-86A3-4E17-92EC-305952E0AC64}.Debug|Any CPU.Build.0 = Debug|Any CPU
		{CBEFF08F-86A3-4E17-92EC-305952E0AC64}.Release|Any CPU.ActiveCfg = Release|Any CPU
		{CBEFF08F-86A3-4E17-92EC-305952E0AC64}.Release|Any CPU.Build.0 = Release|Any CPU
		{2DE8DC23-608A-40FB-BEB8-36F9B4782867}.Debug|Any CPU.ActiveCfg = Debug|Any CPU
		{2DE8DC23-608A-40FB-BEB8-36F9B4782867}.Debug|Any CPU.Build.0 = Debug|Any CPU
		{2DE8DC23-608A-40FB-BEB8-36F9B4782867}.Release|Any CPU.ActiveCfg = Release|Any CPU
		{2DE8DC23-608A-40FB-BEB8-36F9B4782867}.Release|Any CPU.Build.0 = Release|Any CPU
		{A60B1FE0-541C-44BE-A0BB-5D940E8F3C01}.Debug|Any CPU.ActiveCfg = Debug|Any CPU
		{A60B1FE0-541C-44BE-A0BB-5D940E8F3C01}.Debug|Any CPU.Build.0 = Debug|Any CPU
		{A60B1FE0-541C-44BE-A0BB-5D940E8F3C01}.Release|Any CPU.ActiveCfg = Release|Any CPU
		{A60B1FE0-541C-44BE-A0BB-5D940E8F3C01}.Release|Any CPU.Build.0 = Release|Any CPU
	EndGlobalSection
	GlobalSection(SolutionProperties) = preSolution
		HideSolutionNode = FALSE
	EndGlobalSection
EndGlobal
